
Microsoft Visual Studio Solution File, Format Version 12.00
# Visual Studio Version 16
VisualStudioVersion = 16.0.31105.61
MinimumVisualStudioVersion = 10.0.40219.1
Project("{9A19103F-16F7-4668-BE54-9A1E7A4F7556}") = "Djikstra", "Djikstra\Djikstra.csproj", "{77F1FA86-BC87-40A8-BFE5-846903486746}"
EndProject
Project("{FAE04EC0-301F-11D3-BF4B-00C04F79EFBC}") = "DjikstraTests", "DjikstraTests\DjikstraTests.csproj", "{EE9F2BA4-950E-4266-A394-5E810EAFF091}"
EndProject
Global
	GlobalSection(SolutionConfigurationPlatforms) = preSolution
		Debug|Any CPU = Debug|Any CPU
		Release|Any CPU = Release|Any CPU
	EndGlobalSection
	GlobalSection(ProjectConfigurationPlatforms) = postSolution
		{77F1FA86-BC87-40A8-BFE5-846903486746}.Debug|Any CPU.ActiveCfg = Debug|Any CPU
		{77F1FA86-BC87-40A8-BFE5-846903486746}.Debug|Any CPU.Build.0 = Debug|Any CPU
		{77F1FA86-BC87-40A8-BFE5-846903486746}.Release|Any CPU.ActiveCfg = Release|Any CPU
		{77F1FA86-BC87-40A8-BFE5-846903486746}.Release|Any CPU.Build.0 = Release|Any CPU
		{EE9F2BA4-950E-4266-A394-5E810EAFF091}.Debug|Any CPU.ActiveCfg = Debug|Any CPU
		{EE9F2BA4-950E-4266-A394-5E810EAFF091}.Debug|Any CPU.Build.0 = Debug|Any CPU
		{EE9F2BA4-950E-4266-A394-5E810EAFF091}.Release|Any CPU.ActiveCfg = Release|Any CPU
		{EE9F2BA4-950E-4266-A394-5E810EAFF091}.Release|Any CPU.Build.0 = Release|Any CPU
	EndGlobalSection
	GlobalSection(SolutionProperties) = preSolution
		HideSolutionNode = FALSE
	EndGlobalSection
	GlobalSection(ExtensibilityGlobals) = postSolution
		SolutionGuid = {296AFB0B-AA9F-43E2-BC6D-8443432D969E}
	EndGlobalSection
EndGlobal
